schema: '2.0'
stages:
  data_load:
    cmd: python src/data_load.py --params params.yaml
    deps:
    - path: src/data_load.py
      md5: 5a1ddc4eb2a918dcc19e651d1b70d958
      size: 4913
    params:
      params.yaml:
        data_load:
          source: google_drive
          destination_directory: data/raw
          google_drive:
            credentials: src/credentials/credentials.json
            scope: https://www.googleapis.com/auth/drive.readonly
          database:
            user: user
            password: password
            host: localhost
            port: port
            driver: driver
            database: database
            query: SELECT * FROM table
    outs:
    - path: data/raw/test.csv
      md5: 0166a24f0208b78bf18e357c4ae76cce
      size: 462624
    - path: data/raw/train.csv
      md5: fa503ac6f402d8060234cd6453c23b76
      size: 1078702
  data_preprocess:
    cmd: python src/data_preprocess.py --params params.yaml
    deps:
    - path: data/raw/test.csv
      md5: 0166a24f0208b78bf18e357c4ae76cce
      size: 462624
    - path: data/raw/train.csv
      md5: fa503ac6f402d8060234cd6453c23b76
      size: 1078702
    - path: src/data_preprocess.py
      md5: b0ca9a3fbd2f944a9ca74f39d546369c
      size: 3994
    params:
      params.yaml:
        data_preprocess:
          source_directory: data/raw
          destination_directory: data/processed
    outs:
    - path: data/processed/test_processed.pckl
      md5: 0df5167bf16fd4fa9dda83f88c4dd0aa
      size: 501091
    - path: data/processed/train_processed.pckl
      md5: ac5bafec8758f01123eb8f8ca84842ce
      size: 1168027
    - path: outputs/model/preprocessor.sav
      md5: 8e90d3dab76decf8a99485c80fc4b9c6
      size: 3587
  train:
    cmd: python src/train.py --params params.yaml
    deps:
    - path: data/processed/test_processed.pckl
      md5: 0df5167bf16fd4fa9dda83f88c4dd0aa
      size: 501091
    - path: data/processed/train_processed.pckl
      md5: ac5bafec8758f01123eb8f8ca84842ce
      size: 1168027
    - path: src/train.py
      md5: 76b8143ce997ed319eb3c19888dd31a8
      size: 2012
    params:
      params.yaml:
        data_preprocess:
          source_directory: data/raw
          destination_directory: data/processed
        model:
          name: GradientBoostingRegressor
          parameters:
            learning_rate: 0.5
            n_estimators: 200
            max_depth: 10
            loss: absolute_error
        train:
          target_column: price
          categorical_columns:
          - type
          - sector
          destination_directory: outputs/model
    outs:
    - path: outputs/model/model.sav
      md5: 296fe563e7347c2874a01c638eaa0873
      size: 7083251
  evaluate:
    cmd: python src/evaluate.py --params params.yaml
    deps:
    - path: outputs/model/model.sav
      md5: 296fe563e7347c2874a01c638eaa0873
      size: 7083251
    params:
      params.yaml:
        data_preprocess:
          source_directory: data/raw
          destination_directory: data/processed
        train:
          target_column: price
          categorical_columns:
          - type
          - sector
          destination_directory: outputs/model
    outs:
    - path: outputs/metrics.yaml
      md5: 180dd2405703acd37d12bd79d3d404da
      size: 457
